{
  "ru_32_bin_map": "\"",
  "ru_256_bin_map": "#",
  "en_32_bin_map": "$",
  "en_128_bin_map": "%",
  "cyr_512_bin_map": "&",
  "lat_128_bin_map": "'",
  "lat_1024_bin_map": "(",
  "ru_wiki_32_2048_utf8_token": ")",
  "ru_wiki_32_2048_bin_token": "*",
  "ru_wiki_256_2048_utf8_token": "+",
  "ru_wiki_256_2048_bin_token": ",",
  "en_wiki_32_2048_utf8_token": "-",
  "en_wiki_32_2048_bin_token": ".",
  "en_wiki_128_2048_utf8_token": "/",
  "en_wiki_128_2048_bin_token": "0",
  "en_coding_32_2048_utf8_token": "1",
  "en_coding_32_2048_bin_token": "2",
  "en_coding_128_2048_utf8_token": "3",
  "en_coding_128_2048_bin_token": "4",
  "ru_meshcoretel_32_2048_utf8_token": "5",
  "ru_meshcoretel_32_2048_bin_token": "6",
  "ru_meshcoretel_256_2048_utf8_token": "7",
  "ru_meshcoretel_256_2048_bin_token": "8",
  "cyr_meshtastic_512_2048_utf8_token": "9",
  "cyr_meshtastic_512_2048_bin_token": ":",
  "lat_meshtastic_128_2048_utf8_token": ";",
  "lat_meshtastic_128_2048_bin_token": "<",
  "lat_meshtastic_1024_2048_utf8_token": "=",
  "lat_meshtastic_1024_2048_bin_token": ">"
}